
Microsoft Visual Studio Solution File, Format Version 12.00
# Visual Studio Version 17
VisualStudioVersion = 17.14.36202.13 d17.14
MinimumVisualStudioVersion = 10.0.40219.1
Project("{FAE04EC0-301F-11D3-BF4B-00C04F79EFBC}") = "Microondas.API", "Microondas.API\Microondas.API.csproj", "{11CE7CFB-6900-4CF0-BA18-6488546A41F2}"
EndProject
Global
	GlobalSection(SolutionConfigurationPlatforms) = preSolution
		Debug|Any CPU = Debug|Any CPU
		Release|Any CPU = Release|Any CPU
	EndGlobalSection
	GlobalSection(ProjectConfigurationPlatforms) = postSolution
		{11CE7CFB-6900-4CF0-BA18-6488546A41F2}.Debug|Any CPU.ActiveCfg = Debug|Any CPU
		{11CE7CFB-6900-4CF0-BA18-6488546A41F2}.Debug|Any CPU.Build.0 = Debug|Any CPU
		{11CE7CFB-6900-4CF0-BA18-6488546A41F2}.Release|Any CPU.ActiveCfg = Release|Any CPU
		{11CE7CFB-6900-4CF0-BA18-6488546A41F2}.Release|Any CPU.Build.0 = Release|Any CPU
	EndGlobalSection
	GlobalSection(SolutionProperties) = preSolution
		HideSolutionNode = FALSE
	EndGlobalSection
	GlobalSection(ExtensibilityGlobals) = postSolution
		SolutionGuid = {9C3CE740-7778-48CB-9BFD-09C90CF15224}
	EndGlobalSection
EndGlobal
